
Microsoft Visual Studio Solution File, Format Version 12.00
# Visual Studio 15
VisualStudioVersion = 15.0.28307.271
MinimumVisualStudioVersion = 10.0.40219.1
Project("{FAE04EC0-301F-11D3-BF4B-00C04F79EFBC}") = "Lab2", "Lab2\Lab2.csproj", "{0E9E43BC-9D7F-4BA7-BDFC-353D98FC2F7F}"
EndProject
Global
	GlobalSection(SolutionConfigurationPlatforms) = preSolution
		Debug|Any CPU = Debug|Any CPU
		Release|Any CPU = Release|Any CPU
	EndGlobalSection
	GlobalSection(ProjectConfigurationPlatforms) = postSolution
		{0E9E43BC-9D7F-4BA7-BDFC-353D98FC2F7F}.Debug|Any CPU.ActiveCfg = Debug|Any CPU
		{0E9E43BC-9D7F-4BA7-BDFC-353D98FC2F7F}.Debug|Any CPU.Build.0 = Debug|Any CPU
		{0E9E43BC-9D7F-4BA7-BDFC-353D98FC2F7F}.Release|Any CPU.ActiveCfg = Release|Any CPU
		{0E9E43BC-9D7F-4BA7-BDFC-353D98FC2F7F}.Release|Any CPU.Build.0 = Release|Any CPU
	EndGlobalSection
	GlobalSection(SolutionProperties) = preSolution
		HideSolutionNode = FALSE
	EndGlobalSection
	GlobalSection(ExtensibilityGlobals) = postSolution
		SolutionGuid = {F0B85A53-CC85-4FA5-B5FB-811C9AFA45F7}
	EndGlobalSection
EndGlobal
